{
  "name": "mastodon-rss",
  "version": "1.0.0",
  "lockfileVersion": 3,
  "requires": true,
  "packages": {
    "": {
      "name": "mastodon-rss",
      "version": "1.0.0",
      "license": "MIT",
      "devDependencies": {
        "@types/node": "^18.16.5"
      },
      "engines": {
        "node": ">=18.0.0"
      }
    },
    "node_modules/@types/node": {
      "version": "18.16.5",
      "resolved": "https://registry.npmjs.org/@types/node/-/node-18.16.5.tgz",
      "integrity": "sha512-seOA34WMo9KB+UA78qaJoCO20RJzZGVXQ5Sh6FWu0g/hfT44nKXnej3/tCQl7FL97idFpBhisLYCTB50S0EirA==",
      "dev": true
    }
  }
}
